[[package]]
name = "capstone"
version = "0.4.0"
source = "registry+https://github.com/rust-lang/crates.io-index"
dependencies = [
 "capstone-sys 0.8.0 (registry+https://github.com/rust-lang/crates.io-index)",
]

[[package]]
name = "capstone-hsdis"
version = "0.1.1"
dependencies = [
 "capstone 0.4.0 (registry+https://github.com/rust-lang/crates.io-index)",
]

[[package]]
name = "capstone-sys"
version = "0.8.0"
source = "registry+https://github.com/rust-lang/crates.io-index"
dependencies = [
 "cc 1.0.17 (registry+https://github.com/rust-lang/crates.io-index)",
]

[[package]]
name = "cc"
version = "1.0.17"
source = "registry+https://github.com/rust-lang/crates.io-index"

[metadata]
"checksum capstone 0.4.0 (registry+https://github.com/rust-lang/crates.io-index)" = "6ca9b32d45dc12d9408b60089619571acb3b1c4bd821fed57aa4c6054df1508e"
"checksum capstone-sys 0.8.0 (registry+https://github.com/rust-lang/crates.io-index)" = "b72fd34286e30abfd29efef1b2bd08b58c8e6e74134dfa70758c270506c4ae89"
"checksum cc 1.0.17 (registry+https://github.com/rust-lang/crates.io-index)" = "49ec142f5768efb5b7622aebc3fdbdbb8950a4b9ba996393cb76ef7466e8747d"
